
Microsoft Visual Studio Solution File, Format Version 11.00
# Visual Studio 2010
Project("{FAE04EC0-301F-11D3-BF4B-00C04F79EFBC}") = "YellowRiver", "YellowRiver\YellowRiver.csproj", "{04D97F68-DFC7-469E-800E-77E694D3C1DB}"
EndProject
Project("{FAE04EC0-301F-11D3-BF4B-00C04F79EFBC}") = "DBUtility", "DBUtility\DBUtility.csproj", "{0610EFB3-FA55-481C-81C5-A1AB533161D5}"
EndProject
Global
	GlobalSection(SolutionConfigurationPlatforms) = preSolution
		Debug|Any CPU = Debug|Any CPU
		Release|Any CPU = Release|Any CPU
	EndGlobalSection
	GlobalSection(ProjectConfigurationPlatforms) = postSolution
		{04D97F68-DFC7-469E-800E-77E694D3C1DB}.Debug|Any CPU.ActiveCfg = Debug|Any CPU
		{04D97F68-DFC7-469E-800E-77E694D3C1DB}.Debug|Any CPU.Build.0 = Debug|Any CPU
		{04D97F68-DFC7-469E-800E-77E694D3C1DB}.Release|Any CPU.ActiveCfg = Release|Any CPU
		{04D97F68-DFC7-469E-800E-77E694D3C1DB}.Release|Any CPU.Build.0 = Release|Any CPU
		{0610EFB3-FA55-481C-81C5-A1AB533161D5}.Debug|Any CPU.ActiveCfg = Debug|Any CPU
		{0610EFB3-FA55-481C-81C5-A1AB533161D5}.Debug|Any CPU.Build.0 = Debug|Any CPU
		{0610EFB3-FA55-481C-81C5-A1AB533161D5}.Release|Any CPU.ActiveCfg = Release|Any CPU
		{0610EFB3-FA55-481C-81C5-A1AB533161D5}.Release|Any CPU.Build.0 = Release|Any CPU
	EndGlobalSection
	GlobalSection(SolutionProperties) = preSolution
		HideSolutionNode = FALSE
	EndGlobalSection
EndGlobal
